
Microsoft Visual Studio Solution File, Format Version 12.00
# Visual Studio Version 16
VisualStudioVersion = 16.0.30907.101
MinimumVisualStudioVersion = 10.0.40219.1
Project("{FAE04EC0-301F-11D3-BF4B-00C04F79EFBC}") = "CardIdentifier", "CardIdentifier\CardIdentifier.csproj", "{840C6A78-B40B-4F40-B46E-CB2EBFAD7E69}"
EndProject
Global
	GlobalSection(SolutionConfigurationPlatforms) = preSolution
		Debug|Any CPU = Debug|Any CPU
		Release|Any CPU = Release|Any CPU
	EndGlobalSection
	GlobalSection(ProjectConfigurationPlatforms) = postSolution
		{840C6A78-B40B-4F40-B46E-CB2EBFAD7E69}.Debug|Any CPU.ActiveCfg = Debug|Any CPU
		{840C6A78-B40B-4F40-B46E-CB2EBFAD7E69}.Debug|Any CPU.Build.0 = Debug|Any CPU
		{840C6A78-B40B-4F40-B46E-CB2EBFAD7E69}.Release|Any CPU.ActiveCfg = Release|Any CPU
		{840C6A78-B40B-4F40-B46E-CB2EBFAD7E69}.Release|Any CPU.Build.0 = Release|Any CPU
	EndGlobalSection
	GlobalSection(SolutionProperties) = preSolution
		HideSolutionNode = FALSE
	EndGlobalSection
	GlobalSection(ExtensibilityGlobals) = postSolution
		SolutionGuid = {C3180392-B880-43FF-9358-8D15F07E0B6D}
	EndGlobalSection
EndGlobal
